
Microsoft Visual Studio Solution File, Format Version 12.00
# Visual Studio Version 17
VisualStudioVersion = 17.8.34511.84
MinimumVisualStudioVersion = 10.0.40219.1
Project("{FAE04EC0-301F-11D3-BF4B-00C04F79EFBC}") = "Clean_architecture", "Clean_architecture\Clean_architecture.csproj", "{D6FC424C-78A6-4B92-A59D-BE7CCF14B29B}"
EndProject
Global
	GlobalSection(SolutionConfigurationPlatforms) = preSolution
		Debug|Any CPU = Debug|Any CPU
		Release|Any CPU = Release|Any CPU
	EndGlobalSection
	GlobalSection(ProjectConfigurationPlatforms) = postSolution
		{D6FC424C-78A6-4B92-A59D-BE7CCF14B29B}.Debug|Any CPU.ActiveCfg = Debug|Any CPU
		{D6FC424C-78A6-4B92-A59D-BE7CCF14B29B}.Debug|Any CPU.Build.0 = Debug|Any CPU
		{D6FC424C-78A6-4B92-A59D-BE7CCF14B29B}.Release|Any CPU.ActiveCfg = Release|Any CPU
		{D6FC424C-78A6-4B92-A59D-BE7CCF14B29B}.Release|Any CPU.Build.0 = Release|Any CPU
	EndGlobalSection
	GlobalSection(SolutionProperties) = preSolution
		HideSolutionNode = FALSE
	EndGlobalSection
	GlobalSection(ExtensibilityGlobals) = postSolution
		SolutionGuid = {52A6D714-783A-4EA8-818E-C27B613E9247}
	EndGlobalSection
EndGlobal
